
Microsoft Visual Studio Solution File, Format Version 12.00
# Visual Studio Version 17
VisualStudioVersion = 17.7.34009.444
MinimumVisualStudioVersion = 10.0.40219.1
Project("{FAE04EC0-301F-11D3-BF4B-00C04F79EFBC}") = "SerialMon", "SerialMon\SerialMon.csproj", "{52759254-5B89-4105-8C90-AED72E09DFAA}"
EndProject
Global
	GlobalSection(SolutionConfigurationPlatforms) = preSolution
		Debug|Any CPU = Debug|Any CPU
		Release|Any CPU = Release|Any CPU
	EndGlobalSection
	GlobalSection(ProjectConfigurationPlatforms) = postSolution
		{52759254-5B89-4105-8C90-AED72E09DFAA}.Debug|Any CPU.ActiveCfg = Debug|Any CPU
		{52759254-5B89-4105-8C90-AED72E09DFAA}.Debug|Any CPU.Build.0 = Debug|Any CPU
		{52759254-5B89-4105-8C90-AED72E09DFAA}.Release|Any CPU.ActiveCfg = Release|Any CPU
		{52759254-5B89-4105-8C90-AED72E09DFAA}.Release|Any CPU.Build.0 = Release|Any CPU
	EndGlobalSection
	GlobalSection(SolutionProperties) = preSolution
		HideSolutionNode = FALSE
	EndGlobalSection
	GlobalSection(ExtensibilityGlobals) = postSolution
		SolutionGuid = {3C4CF6AB-0EA6-4A63-9256-E66BD1108523}
	EndGlobalSection
EndGlobal
